// !$*UTF8*$!
{
	archiveVersion = 1;
	classes = {
	};
	objectVersion = 77;
	objects = {

/* Begin PBXBuildFile section */
		020FD852CD2F97A8997FF264 /* ContentView.swift in Sources */ = {isa = PBXBuildFile; fileRef = 70BEC05F21B06AD40758BF7B /* ContentView.swift */; };
		1268FA7D11536DE327004B3F /* ReaderView.swift in Sources */ = {isa = PBXBuildFile; fileRef = EC9F3B28B027630852B2893A /* ReaderView.swift */; };
		36F5607E03BB8063DEA4DE0E /* BookshelfView.swift in Sources */ = {isa = PBXBuildFile; fileRef = CE28D538A10E08389F758FF0 /* BookshelfView.swift */; };
		3A8C8CA88C6AC290FD70A5B9 /* NovelReaderApp.swift in Sources */ = {isa = PBXBuildFile; fileRef = 7531AE572C74D86A20FDF72E /* NovelReaderApp.swift */; };
		507052ECA7C246F3688DF608 /* BookshelfViewModel.swift in Sources */ = {isa = PBXBuildFile; fileRef = AF080805CB5ABF001645B075 /* BookshelfViewModel.swift */; };
		518F71DAD14B45E724A8807F /* HTMLParser.swift in Sources */ = {isa = PBXBuildFile; fileRef = 3568F8D7F3030892A829D26B /* HTMLParser.swift */; };
		599956C9A0FD37F4FA85EA77 /* NovelReaderViewModel.swift in Sources */ = {isa = PBXBuildFile; fileRef = 165569647A9060FD0EC89000 /* NovelReaderViewModel.swift */; };
		82CDFE5E6A7FAF575C5C3A66 /* DownloadView.swift in Sources */ = {isa = PBXBuildFile; fileRef = 04978C4B743522840C7A222A /* DownloadView.swift */; };
		8A16040E301FCD1DF7DAE6C6 /* CatalogViewModel.swift in Sources */ = {isa = PBXBuildFile; fileRef = 26B65895CF2BEB666205C847 /* CatalogViewModel.swift */; };
		A6A149F20DA4B20175953992 /* CatalogView.swift in Sources */ = {isa = PBXBuildFile; fileRef = FC4BC8DA3B94F08A7FF04C17 /* CatalogView.swift */; };
		D5F2215681D40AB76737EFFF /* Book.swift in Sources */ = {isa = PBXBuildFile; fileRef = 6DB35AF2D29A3CC59BB35733 /* Book.swift */; };
		DB65F42497285918AE27C199 /* ChapterCacheManager.swift in Sources */ = {isa = PBXBuildFile; fileRef = 20BA478508922B15FA99EC3B /* ChapterCacheManager.swift */; };
		E3FB548114DD25D82B95E6BB /* DownloadManager.swift in Sources */ = {isa = PBXBuildFile; fileRef = 256BA70AEEE552CCCD59A4F7 /* DownloadManager.swift */; };
2FF32A559C9344A4867F0DFF /* ReadingSettings.swift in Sources */ = {isa = PBXBuildFile; fileRef = B357B32686684B3E8964C6CD /* ReadingSettings.swift */; };
		B564208E77B64D8D950A3E20 /* ReadingSettingsView.swift in Sources */ = {isa = PBXBuildFile; fileRef = B207A768BD914EC3A5DA4FCE /* ReadingSettingsView.swift */; };
		ADF86A11DCA04F29B38AF3C2 /* NotoSansSC-Regular.otf in Resources */ = {isa = PBXBuildFile; fileRef = 5F15F6372A7548D58B93004D /* NotoSansSC-Regular.otf */; };
		A63616F014F6484E8A66D5B0 /* NotoSerifSC-Regular.otf in Resources */ = {isa = PBXBuildFile; fileRef = CF4714380A5D4C1391512008 /* NotoSerifSC-Regular.otf */; };
		04711682575B401783FFCFFA /* ZCOOLKuaiLe-Regular.ttf in Resources */ = {isa = PBXBuildFile; fileRef = 1DDF6F53E21842E6AB61B019 /* ZCOOLKuaiLe-Regular.ttf */; };
		C1C91846CC9C4C6B8961547F /* ZCOOLQingKeHuangYou-Regular.ttf in Resources */ = {isa = PBXBuildFile; fileRef = 95E2879D81194DB4A89FDE77 /* ZCOOLQingKeHuangYou-Regular.ttf */; };
		42B2DD4F4CA74D7B84890D9D /* ZCOOLXiaoWei-Regular.ttf in Resources */ = {isa = PBXBuildFile; fileRef = 2DDC2AA7B6D746CCAC669DBD /* ZCOOLXiaoWei-Regular.ttf */; };
		B0397D8228D4495886EEA9D2 /* MaShanZheng-Regular.ttf in Resources */ = {isa = PBXBuildFile; fileRef = 9B328C0424AF4F4F840BEF1C /* MaShanZheng-Regular.ttf */; };
		DA2F90250DB74BBEA471BF73 /* LiuJianMaoCao-Regular.ttf in Resources */ = {isa = PBXBuildFile; fileRef = B9C75BBC665D44EE848F57FF /* LiuJianMaoCao-Regular.ttf */; };
		6334865B62F04F448A556250 /* LongCang-Regular.ttf in Resources */ = {isa = PBXBuildFile; fileRef = BD683E44BEC34F4DB482EC7B /* LongCang-Regular.ttf */; };
		088E4F9501054AD092F039DC /* ZhiMangXing-Regular.ttf in Resources */ = {isa = PBXBuildFile; fileRef = 57E2916422A145AEBCBB3B72 /* ZhiMangXing-Regular.ttf */; };
/* End PBXBuildFile section */

/* Begin PBXFileReference section */
		04978C4B743522840C7A222A /* DownloadView.swift */ = {isa = PBXFileReference; lastKnownFileType = sourcecode.swift; path = DownloadView.swift; sourceTree = "<group>"; };
		165569647A9060FD0EC89000 /* NovelReaderViewModel.swift */ = {isa = PBXFileReference; lastKnownFileType = sourcecode.swift; path = NovelReaderViewModel.swift; sourceTree = "<group>"; };
		20BA478508922B15FA99EC3B /* ChapterCacheManager.swift */ = {isa = PBXFileReference; lastKnownFileType = sourcecode.swift; path = ChapterCacheManager.swift; sourceTree = "<group>"; };
		256BA70AEEE552CCCD59A4F7 /* DownloadManager.swift */ = {isa = PBXFileReference; lastKnownFileType = sourcecode.swift; path = DownloadManager.swift; sourceTree = "<group>"; };
		26B65895CF2BEB666205C847 /* CatalogViewModel.swift */ = {isa = PBXFileReference; lastKnownFileType = sourcecode.swift; path = CatalogViewModel.swift; sourceTree = "<group>"; };
		3568F8D7F3030892A829D26B /* HTMLParser.swift */ = {isa = PBXFileReference; lastKnownFileType = sourcecode.swift; path = HTMLParser.swift; sourceTree = "<group>"; };
		6DB35AF2D29A3CC59BB35733 /* Book.swift */ = {isa = PBXFileReference; lastKnownFileType = sourcecode.swift; path = Book.swift; sourceTree = "<group>"; };
		70BEC05F21B06AD40758BF7B /* ContentView.swift */ = {isa = PBXFileReference; lastKnownFileType = sourcecode.swift; path = ContentView.swift; sourceTree = "<group>"; };
		7531AE572C74D86A20FDF72E /* NovelReaderApp.swift */ = {isa = PBXFileReference; lastKnownFileType = sourcecode.swift; path = NovelReaderApp.swift; sourceTree = "<group>"; };
		87B786681047F6D628597CD7 /* NovelReaderApp.app */ = {isa = PBXFileReference; includeInIndex = 0; lastKnownFileType = wrapper.application; path = NovelReaderApp.app; sourceTree = BUILT_PRODUCTS_DIR; };
		AF080805CB5ABF001645B075 /* BookshelfViewModel.swift */ = {isa = PBXFileReference; lastKnownFileType = sourcecode.swift; path = BookshelfViewModel.swift; sourceTree = "<group>"; };
		BA206C10422C8DA0F74062E3 /* Info.plist */ = {isa = PBXFileReference; lastKnownFileType = text.plist; path = Info.plist; sourceTree = "<group>"; };
		CE28D538A10E08389F758FF0 /* BookshelfView.swift */ = {isa = PBXFileReference; lastKnownFileType = sourcecode.swift; path = BookshelfView.swift; sourceTree = "<group>"; };
		EC9F3B28B027630852B2893A /* ReaderView.swift */ = {isa = PBXFileReference; lastKnownFileType = sourcecode.swift; path = ReaderView.swift; sourceTree = "<group>"; };
		FC4BC8DA3B94F08A7FF04C17 /* CatalogView.swift */ = {isa = PBXFileReference; lastKnownFileType = sourcecode.swift; path = CatalogView.swift; sourceTree = "<group>"; };
		B357B32686684B3E8964C6CD /* ReadingSettings.swift */ = {isa = PBXFileReference; lastKnownFileType = sourcecode.swift; path = ReadingSettings.swift; sourceTree = "<group>"; };
		B207A768BD914EC3A5DA4FCE /* ReadingSettingsView.swift */ = {isa = PBXFileReference; lastKnownFileType = sourcecode.swift; path = ReadingSettingsView.swift; sourceTree = "<group>"; };
		5F15F6372A7548D58B93004D /* NotoSansSC-Regular.otf */ = {isa = PBXFileReference; lastKnownFileType = font.otf; path = Fonts/NotoSansSC-Regular.otf; sourceTree = "<group>"; };
		CF4714380A5D4C1391512008 /* NotoSerifSC-Regular.otf */ = {isa = PBXFileReference; lastKnownFileType = font.otf; path = Fonts/NotoSerifSC-Regular.otf; sourceTree = "<group>"; };
		1DDF6F53E21842E6AB61B019 /* ZCOOLKuaiLe-Regular.ttf */ = {isa = PBXFileReference; lastKnownFileType = file; path = Fonts/ZCOOLKuaiLe-Regular.ttf; sourceTree = "<group>"; };
		95E2879D81194DB4A89FDE77 /* ZCOOLQingKeHuangYou-Regular.ttf */ = {isa = PBXFileReference; lastKnownFileType = file; path = Fonts/ZCOOLQingKeHuangYou-Regular.ttf; sourceTree = "<group>"; };
		2DDC2AA7B6D746CCAC669DBD /* ZCOOLXiaoWei-Regular.ttf */ = {isa = PBXFileReference; lastKnownFileType = file; path = Fonts/ZCOOLXiaoWei-Regular.ttf; sourceTree = "<group>"; };
		9B328C0424AF4F4F840BEF1C /* MaShanZheng-Regular.ttf */ = {isa = PBXFileReference; lastKnownFileType = file; path = Fonts/MaShanZheng-Regular.ttf; sourceTree = "<group>"; };
		B9C75BBC665D44EE848F57FF /* LiuJianMaoCao-Regular.ttf */ = {isa = PBXFileReference; lastKnownFileType = file; path = Fonts/LiuJianMaoCao-Regular.ttf; sourceTree = "<group>"; };
		BD683E44BEC34F4DB482EC7B /* LongCang-Regular.ttf */ = {isa = PBXFileReference; lastKnownFileType = file; path = Fonts/LongCang-Regular.ttf; sourceTree = "<group>"; };
		57E2916422A145AEBCBB3B72 /* ZhiMangXing-Regular.ttf */ = {isa = PBXFileReference; lastKnownFileType = file; path = Fonts/ZhiMangXing-Regular.ttf; sourceTree = "<group>"; };
/* End PBXFileReference section */

/* Begin PBXGroup section */
		21F9D6950E1F1D67E8352F4C = {
			isa = PBXGroup;
			children = (
				8053AE05BA363C97DA3F66A2 /* NovelReader */,
				8414CE4A40357E5524C8978C /* Products */,
			);
			sourceTree = "<group>";
		};
		8053AE05BA363C97DA3F66A2 /* NovelReader */ = {
			isa = PBXGroup;
			children = (
				6DB35AF2D29A3CC59BB35733 /* Book.swift */,
				CE28D538A10E08389F758FF0 /* BookshelfView.swift */,
				AF080805CB5ABF001645B075 /* BookshelfViewModel.swift */,
				FC4BC8DA3B94F08A7FF04C17 /* CatalogView.swift */,
				26B65895CF2BEB666205C847 /* CatalogViewModel.swift */,
				20BA478508922B15FA99EC3B /* ChapterCacheManager.swift */,
				70BEC05F21B06AD40758BF7B /* ContentView.swift */,
				256BA70AEEE552CCCD59A4F7 /* DownloadManager.swift */,
				04978C4B743522840C7A222A /* DownloadView.swift */,
				3568F8D7F3030892A829D26B /* HTMLParser.swift */,
				BA206C10422C8DA0F74062E3 /* Info.plist */,
				7531AE572C74D86A20FDF72E /* NovelReaderApp.swift */,
				165569647A9060FD0EC89000 /* NovelReaderViewModel.swift */,
				EC9F3B28B027630852B2893A /* ReaderView.swift */,
				B357B32686684B3E8964C6CD /* ReadingSettings.swift */,
				B207A768BD914EC3A5DA4FCE /* ReadingSettingsView.swift */,
			
				5F15F6372A7548D58B93004D /* NotoSansSC-Regular.otf */,
				CF4714380A5D4C1391512008 /* NotoSerifSC-Regular.otf */,
				1DDF6F53E21842E6AB61B019 /* ZCOOLKuaiLe-Regular.ttf */,
				95E2879D81194DB4A89FDE77 /* ZCOOLQingKeHuangYou-Regular.ttf */,
				2DDC2AA7B6D746CCAC669DBD /* ZCOOLXiaoWei-Regular.ttf */,
				9B328C0424AF4F4F840BEF1C /* MaShanZheng-Regular.ttf */,
				B9C75BBC665D44EE848F57FF /* LiuJianMaoCao-Regular.ttf */,
				BD683E44BEC34F4DB482EC7B /* LongCang-Regular.ttf */,
				57E2916422A145AEBCBB3B72 /* ZhiMangXing-Regular.ttf */,);
			path = NovelReader;
			sourceTree = "<group>";
		};
		8414CE4A40357E5524C8978C /* Products */ = {
			isa = PBXGroup;
			children = (
				87B786681047F6D628597CD7 /* NovelReaderApp.app */,
			);
			name = Products;
			sourceTree = "<group>";
		};
/* End PBXGroup section */

/* Begin PBXNativeTarget section */
		08A964D9E34116E4F524B789 /* NovelReaderApp */ = {
			isa = PBXNativeTarget;
			buildConfigurationList = 53C4ED739ACD0CFF8506DC42 /* Build configuration list for PBXNativeTarget "NovelReaderApp" */;
			buildPhases = (
				B313511C596D95D7549967CC /* Sources */,
			
				B153DC43508E46A4A85ECFAE /* Resources */,);
			buildRules = (
			);
			dependencies = (
			);
			name = NovelReaderApp;
			packageProductDependencies = (
			);
			productName = NovelReaderApp;
			productReference = 87B786681047F6D628597CD7 /* NovelReaderApp.app */;
			productType = "com.apple.product-type.application";
		};
/* End PBXNativeTarget section */

/* Begin PBXProject section */
		69BCC4AB3E555CD477018AD9 /* Project object */ = {
			isa = PBXProject;
			attributes = {
				BuildIndependentTargetsInParallel = YES;
				LastUpgradeCheck = 1430;
				TargetAttributes = {
					08A964D9E34116E4F524B789 = {
						DevelopmentTeam = 49NSXZJZ54;
						ProvisioningStyle = Automatic;
					};
				};
			};
			buildConfigurationList = C30465E00667DEF6F9EBA18B /* Build configuration list for PBXProject "NovelReaderApp" */;
			compatibilityVersion = "Xcode 14.0";
			developmentRegion = en;
			hasScannedForEncodings = 0;
			knownRegions = (
				Base,
				en,
			);
			mainGroup = 21F9D6950E1F1D67E8352F4C;
			minimizedProjectReferenceProxies = 1;
			preferredProjectObjectVersion = 77;
			projectDirPath = "";
			projectRoot = "";
			targets = (
				08A964D9E34116E4F524B789 /* NovelReaderApp */,
			);
		};
/* End PBXProject section */

/* Begin PBXSourcesBuildPhase section */
		B313511C596D95D7549967CC /* Sources */ = {
			isa = PBXSourcesBuildPhase;
			buildActionMask = 2147483647;
			files = (
				D5F2215681D40AB76737EFFF /* Book.swift in Sources */,
				36F5607E03BB8063DEA4DE0E /* BookshelfView.swift in Sources */,
				507052ECA7C246F3688DF608 /* BookshelfViewModel.swift in Sources */,
				A6A149F20DA4B20175953992 /* CatalogView.swift in Sources */,
				8A16040E301FCD1DF7DAE6C6 /* CatalogViewModel.swift in Sources */,
				DB65F42497285918AE27C199 /* ChapterCacheManager.swift in Sources */,
				020FD852CD2F97A8997FF264 /* ContentView.swift in Sources */,
				E3FB548114DD25D82B95E6BB /* DownloadManager.swift in Sources */,
				82CDFE5E6A7FAF575C5C3A66 /* DownloadView.swift in Sources */,
				518F71DAD14B45E724A8807F /* HTMLParser.swift in Sources */,
				3A8C8CA88C6AC290FD70A5B9 /* NovelReaderApp.swift in Sources */,
				599956C9A0FD37F4FA85EA77 /* NovelReaderViewModel.swift in Sources */,
				1268FA7D11536DE327004B3F /* ReaderView.swift in Sources */,
				2FF32A559C9344A4867F0DFF /* ReadingSettings.swift in Sources */,
				B564208E77B64D8D950A3E20 /* ReadingSettingsView.swift in Sources */,
			);
			runOnlyForDeploymentPostprocessing = 0;
		};
/* End PBXSourcesBuildPhase section */

/* Begin PBXResourcesBuildPhase section */
		B153DC43508E46A4A85ECFAE /* Resources */ = {
			isa = PBXResourcesBuildPhase;
			buildActionMask = 2147483647;
			files = (
				ADF86A11DCA04F29B38AF3C2 /* NotoSansSC-Regular.otf in Resources */,
				A63616F014F6484E8A66D5B0 /* NotoSerifSC-Regular.otf in Resources */,
				04711682575B401783FFCFFA /* ZCOOLKuaiLe-Regular.ttf in Resources */,
				C1C91846CC9C4C6B8961547F /* ZCOOLQingKeHuangYou-Regular.ttf in Resources */,
				42B2DD4F4CA74D7B84890D9D /* ZCOOLXiaoWei-Regular.ttf in Resources */,
				B0397D8228D4495886EEA9D2 /* MaShanZheng-Regular.ttf in Resources */,
				DA2F90250DB74BBEA471BF73 /* LiuJianMaoCao-Regular.ttf in Resources */,
				6334865B62F04F448A556250 /* LongCang-Regular.ttf in Resources */,
				088E4F9501054AD092F039DC /* ZhiMangXing-Regular.ttf in Resources */,
			);
			runOnlyForDeploymentPostprocessing = 0;
		};
/* End PBXResourcesBuildPhase section */


/* Begin XCBuildConfiguration section */
		62E06D1449526B711DE2DCCB /* Release */ = {
			isa = XCBuildConfiguration;
			buildSettings = {
				ASSETCATALOG_COMPILER_APPICON_NAME = AppIcon;
				CODE_SIGN_IDENTITY = "iPhone Developer";
				CODE_SIGN_STYLE = Automatic;
				DEVELOPMENT_TEAM = 49NSXZJZ54;
				INFOPLIST_FILE = NovelReader/Info.plist;
				IPHONEOS_DEPLOYMENT_TARGET = 15.0;
				LD_RUNPATH_SEARCH_PATHS = (
					"$(inherited)",
					"@executable_path/Frameworks",
				);
				PRODUCT_BUNDLE_IDENTIFIER = com.novelreader.NovelReaderApp;
				SDKROOT = iphoneos;
				TARGETED_DEVICE_FAMILY = 2;
			};
			name = Release;
		};
		8BA62EF5CFD185110B36791C /* Release */ = {
			isa = XCBuildConfiguration;
			buildSettings = {
				ALWAYS_SEARCH_USER_PATHS = NO;
				CLANG_ANALYZER_NONNULL = YES;
				CLANG_ANALYZER_NUMBER_OBJECT_CONVERSION = YES_AGGRESSIVE;
				CLANG_CXX_LANGUAGE_STANDARD = "gnu++14";
				CLANG_CXX_LIBRARY = "libc++";
				CLANG_ENABLE_MODULES = YES;
				CLANG_ENABLE_OBJC_ARC = YES;
				CLANG_ENABLE_OBJC_WEAK = YES;
				CLANG_WARN_BLOCK_CAPTURE_AUTORELEASING = YES;
				CLANG_WARN_BOOL_CONVERSION = YES;
				CLANG_WARN_COMMA = YES;
				CLANG_WARN_CONSTANT_CONVERSION = YES;
				CLANG_WARN_DEPRECATED_OBJC_IMPLEMENTATIONS = YES;
				CLANG_WARN_DIRECT_OBJC_ISA_USAGE = YES_ERROR;
				CLANG_WARN_DOCUMENTATION_COMMENTS = YES;
				CLANG_WARN_EMPTY_BODY = YES;
				CLANG_WARN_ENUM_CONVERSION = YES;
				CLANG_WARN_INFINITE_RECURSION = YES;
				CLANG_WARN_INT_CONVERSION = YES;
				CLANG_WARN_NON_LITERAL_NULL_CONVERSION = YES;
				CLANG_WARN_OBJC_IMPLICIT_RETAIN_SELF = YES;
				CLANG_WARN_OBJC_LITERAL_CONVERSION = YES;
				CLANG_WARN_OBJC_ROOT_CLASS = YES_ERROR;
				CLANG_WARN_QUOTED_INCLUDE_IN_FRAMEWORK_HEADER = YES;
				CLANG_WARN_RANGE_LOOP_ANALYSIS = YES;
				CLANG_WARN_STRICT_PROTOTYPES = YES;
				CLANG_WARN_SUSPICIOUS_MOVE = YES;
				CLANG_WARN_UNGUARDED_AVAILABILITY = YES_AGGRESSIVE;
				CLANG_WARN_UNREACHABLE_CODE = YES;
				CLANG_WARN__DUPLICATE_METHOD_MATCH = YES;
				COPY_PHASE_STRIP = NO;
				DEBUG_INFORMATION_FORMAT = "dwarf-with-dsym";
				ENABLE_NS_ASSERTIONS = NO;
				ENABLE_STRICT_OBJC_MSGSEND = YES;
				GCC_C_LANGUAGE_STANDARD = gnu11;
				GCC_NO_COMMON_BLOCKS = YES;
				GCC_WARN_64_TO_32_BIT_CONVERSION = YES;
				GCC_WARN_ABOUT_RETURN_TYPE = YES_ERROR;
				GCC_WARN_UNDECLARED_SELECTOR = YES;
				GCC_WARN_UNINITIALIZED_AUTOS = YES_AGGRESSIVE;
				GCC_WARN_UNUSED_FUNCTION = YES;
				GCC_WARN_UNUSED_VARIABLE = YES;
				IPHONEOS_DEPLOYMENT_TARGET = 15.0;
				MTL_ENABLE_DEBUG_INFO = NO;
				MTL_FAST_MATH = YES;
				PRODUCT_NAME = "$(TARGET_NAME)";
				SDKROOT = iphoneos;
				SWIFT_COMPILATION_MODE = wholemodule;
				SWIFT_OPTIMIZATION_LEVEL = "-O";
				SWIFT_VERSION = 5.0;
			};
			name = Release;
		};
		FC3402CB6288EFA3E6FC01A4 /* Debug */ = {
			isa = XCBuildConfiguration;
			buildSettings = {
				ALWAYS_SEARCH_USER_PATHS = NO;
				CLANG_ANALYZER_NONNULL = YES;
				CLANG_ANALYZER_NUMBER_OBJECT_CONVERSION = YES_AGGRESSIVE;
				CLANG_CXX_LANGUAGE_STANDARD = "gnu++14";
				CLANG_CXX_LIBRARY = "libc++";
				CLANG_ENABLE_MODULES = YES;
				CLANG_ENABLE_OBJC_ARC = YES;
				CLANG_ENABLE_OBJC_WEAK = YES;
				CLANG_WARN_BLOCK_CAPTURE_AUTORELEASING = YES;
				CLANG_WARN_BOOL_CONVERSION = YES;
				CLANG_WARN_COMMA = YES;
				CLANG_WARN_CONSTANT_CONVERSION = YES;
				CLANG_WARN_DEPRECATED_OBJC_IMPLEMENTATIONS = YES;
				CLANG_WARN_DIRECT_OBJC_ISA_USAGE = YES_ERROR;
				CLANG_WARN_DOCUMENTATION_COMMENTS = YES;
				CLANG_WARN_EMPTY_BODY = YES;
				CLANG_WARN_ENUM_CONVERSION = YES;
				CLANG_WARN_INFINITE_RECURSION = YES;
				CLANG_WARN_INT_CONVERSION = YES;
				CLANG_WARN_NON_LITERAL_NULL_CONVERSION = YES;
				CLANG_WARN_OBJC_IMPLICIT_RETAIN_SELF = YES;
				CLANG_WARN_OBJC_LITERAL_CONVERSION = YES;
				CLANG_WARN_OBJC_ROOT_CLASS = YES_ERROR;
				CLANG_WARN_QUOTED_INCLUDE_IN_FRAMEWORK_HEADER = YES;
				CLANG_WARN_RANGE_LOOP_ANALYSIS = YES;
				CLANG_WARN_STRICT_PROTOTYPES = YES;
				CLANG_WARN_SUSPICIOUS_MOVE = YES;
				CLANG_WARN_UNGUARDED_AVAILABILITY = YES_AGGRESSIVE;
				CLANG_WARN_UNREACHABLE_CODE = YES;
				CLANG_WARN__DUPLICATE_METHOD_MATCH = YES;
				COPY_PHASE_STRIP = NO;
				DEBUG_INFORMATION_FORMAT = dwarf;
				ENABLE_STRICT_OBJC_MSGSEND = YES;
				ENABLE_TESTABILITY = YES;
				GCC_C_LANGUAGE_STANDARD = gnu11;
				GCC_DYNAMIC_NO_PIC = NO;
				GCC_NO_COMMON_BLOCKS = YES;
				GCC_OPTIMIZATION_LEVEL = 0;
				GCC_PREPROCESSOR_DEFINITIONS = (
					"$(inherited)",
					"DEBUG=1",
				);
				GCC_WARN_64_TO_32_BIT_CONVERSION = YES;
				GCC_WARN_ABOUT_RETURN_TYPE = YES_ERROR;
				GCC_WARN_UNDECLARED_SELECTOR = YES;
				GCC_WARN_UNINITIALIZED_AUTOS = YES_AGGRESSIVE;
				GCC_WARN_UNUSED_FUNCTION = YES;
				GCC_WARN_UNUSED_VARIABLE = YES;
				IPHONEOS_DEPLOYMENT_TARGET = 15.0;
				MTL_ENABLE_DEBUG_INFO = INCLUDE_SOURCE;
				MTL_FAST_MATH = YES;
				ONLY_ACTIVE_ARCH = YES;
				PRODUCT_NAME = "$(TARGET_NAME)";
				SDKROOT = iphoneos;
				SWIFT_ACTIVE_COMPILATION_CONDITIONS = DEBUG;
				SWIFT_OPTIMIZATION_LEVEL = "-Onone";
				SWIFT_VERSION = 5.0;
			};
			name = Debug;
		};
		FD928E7DE82691871E037BDA /* Debug */ = {
			isa = XCBuildConfiguration;
			buildSettings = {
				ASSETCATALOG_COMPILER_APPICON_NAME = AppIcon;
				CODE_SIGN_IDENTITY = "iPhone Developer";
				CODE_SIGN_STYLE = Automatic;
				DEVELOPMENT_TEAM = 49NSXZJZ54;
				INFOPLIST_FILE = NovelReader/Info.plist;
				IPHONEOS_DEPLOYMENT_TARGET = 15.0;
				LD_RUNPATH_SEARCH_PATHS = (
					"$(inherited)",
					"@executable_path/Frameworks",
				);
				PRODUCT_BUNDLE_IDENTIFIER = com.novelreader.NovelReaderApp;
				SDKROOT = iphoneos;
				TARGETED_DEVICE_FAMILY = 2;
			};
			name = Debug;
		};
/* End XCBuildConfiguration section */

/* Begin XCConfigurationList section */
		53C4ED739ACD0CFF8506DC42 /* Build configuration list for PBXNativeTarget "NovelReaderApp" */ = {
			isa = XCConfigurationList;
			buildConfigurations = (
				FD928E7DE82691871E037BDA /* Debug */,
				62E06D1449526B711DE2DCCB /* Release */,
			);
			defaultConfigurationIsVisible = 0;
			defaultConfigurationName = Debug;
		};
		C30465E00667DEF6F9EBA18B /* Build configuration list for PBXProject "NovelReaderApp" */ = {
			isa = XCConfigurationList;
			buildConfigurations = (
				FC3402CB6288EFA3E6FC01A4 /* Debug */,
				8BA62EF5CFD185110B36791C /* Release */,
			);
			defaultConfigurationIsVisible = 0;
			defaultConfigurationName = Debug;
		};
/* End XCConfigurationList section */
	};
	rootObject = 69BCC4AB3E555CD477018AD9 /* Project object */;
}
